// !$*UTF8*$!
{
	archiveVersion = 1;
	classes = {
	};
	objectVersion = 55;
	objects = {

/* Begin PBXBuildFile section */
		16899012289DEE86006FC19D /* AppDelegate.swift in Sources */ = {isa = PBXBuildFile; fileRef = 16899011289DEE86006FC19D /* AppDelegate.swift */; };
		16899014289DEE86006FC19D /* SceneDelegate.swift in Sources */ = {isa = PBXBuildFile; fileRef = 16899013289DEE86006FC19D /* SceneDelegate.swift */; };
		1689901B289DEE88006FC19D /* Assets.xcassets in Resources */ = {isa = PBXBuildFile; fileRef = 1689901A289DEE88006FC19D /* Assets.xcassets */; };
		1689901E289DEE88006FC19D /* LaunchScreen.storyboard in Resources */ = {isa = PBXBuildFile; fileRef = 1689901C289DEE88006FC19D /* LaunchScreen.storyboard */; };
		16899030289DF1E8006FC19D /* Swinject in Frameworks */ = {isa = PBXBuildFile; productRef = 1689902F289DF1E8006FC19D /* Swinject */; };
		16899033289DF1F6006FC19D /* SwinjectStoryboard in Frameworks */ = {isa = PBXBuildFile; productRef = 16899032289DF1F6006FC19D /* SwinjectStoryboard */; };
		1689903E289DF4F0006FC19D /* SetupSwinjectStoryboard.swift in Sources */ = {isa = PBXBuildFile; fileRef = 1689903D289DF4F0006FC19D /* SetupSwinjectStoryboard.swift */; };
		16899048289DF77C006FC19D /* TopViewController.swift in Sources */ = {isa = PBXBuildFile; fileRef = 16899047289DF77C006FC19D /* TopViewController.swift */; };
		1689904A289DF7AA006FC19D /* TopViewController.storyboard in Resources */ = {isa = PBXBuildFile; fileRef = 16899049289DF7AA006FC19D /* TopViewController.storyboard */; };
		1689904C289DF845006FC19D /* SwinjectStoryboard+Screen.swift in Sources */ = {isa = PBXBuildFile; fileRef = 1689904B289DF845006FC19D /* SwinjectStoryboard+Screen.swift */; };
		1689904E289DF8EA006FC19D /* TopRouter.swift in Sources */ = {isa = PBXBuildFile; fileRef = 1689904D289DF8EA006FC19D /* TopRouter.swift */; };
		16899050289DF8F8006FC19D /* TopViewModel.swift in Sources */ = {isa = PBXBuildFile; fileRef = 1689904F289DF8F8006FC19D /* TopViewModel.swift */; };
		16899052289DFBAB006FC19D /* APIService.swift in Sources */ = {isa = PBXBuildFile; fileRef = 16899051289DFBAB006FC19D /* APIService.swift */; };
		16899054289DFBC3006FC19D /* APIServiceImpl.swift in Sources */ = {isa = PBXBuildFile; fileRef = 16899053289DFBC3006FC19D /* APIServiceImpl.swift */; };
		16899056289F6E57006FC19D /* APIError.swift in Sources */ = {isa = PBXBuildFile; fileRef = 16899055289F6E57006FC19D /* APIError.swift */; };
		16899058289F7FAA006FC19D /* SwinjectStoryboard+Data.swift in Sources */ = {isa = PBXBuildFile; fileRef = 16899057289F7FAA006FC19D /* SwinjectStoryboard+Data.swift */; };
		1689905A289F828E006FC19D /* SearchRepository.swift in Sources */ = {isa = PBXBuildFile; fileRef = 16899059289F828E006FC19D /* SearchRepository.swift */; };
		1689905C289F829D006FC19D /* SearchRepositoryImpl.swift in Sources */ = {isa = PBXBuildFile; fileRef = 1689905B289F829D006FC19D /* SearchRepositoryImpl.swift */; };
		1689905E289F8338006FC19D /* Repository.swift in Sources */ = {isa = PBXBuildFile; fileRef = 1689905D289F8338006FC19D /* Repository.swift */; };
		16899060289F836A006FC19D /* Owner.swift in Sources */ = {isa = PBXBuildFile; fileRef = 1689905F289F836A006FC19D /* Owner.swift */; };
		16899064289F8645006FC19D /* GitHubSearchAPIRequest.swift in Sources */ = {isa = PBXBuildFile; fileRef = 16899063289F8645006FC19D /* GitHubSearchAPIRequest.swift */; };
		16899066289F865D006FC19D /* GitHubSearchAPIResponse.swift in Sources */ = {isa = PBXBuildFile; fileRef = 16899065289F865D006FC19D /* GitHubSearchAPIResponse.swift */; };
		16899069289FFBC3006FC19D /* Sort.swift in Sources */ = {isa = PBXBuildFile; fileRef = 16899068289FFBC3006FC19D /* Sort.swift */; };
		1689906B289FFBD0006FC19D /* Order.swift in Sources */ = {isa = PBXBuildFile; fileRef = 1689906A289FFBD0006FC19D /* Order.swift */; };
		16AB1C3828A4F4C400D01126 /* SearchViewController.swift in Sources */ = {isa = PBXBuildFile; fileRef = 16AB1C3728A4F4C400D01126 /* SearchViewController.swift */; };
		16AB1C3A28A4F4DB00D01126 /* SearchViewController.storyboard in Resources */ = {isa = PBXBuildFile; fileRef = 16AB1C3928A4F4DB00D01126 /* SearchViewController.storyboard */; };
		16AB1C3C28A4F4E700D01126 /* SearchViewModel.swift in Sources */ = {isa = PBXBuildFile; fileRef = 16AB1C3B28A4F4E700D01126 /* SearchViewModel.swift */; };
		16AB1C3E28A4F4FE00D01126 /* SearchRouter.swift in Sources */ = {isa = PBXBuildFile; fileRef = 16AB1C3D28A4F4FE00D01126 /* SearchRouter.swift */; };
		16AB1C4228A5173A00D01126 /* NSObject+Extentions.swift in Sources */ = {isa = PBXBuildFile; fileRef = 16AB1C4128A5173A00D01126 /* NSObject+Extentions.swift */; };
		16AB1C4428A5176B00D01126 /* UIViewController+Extentions.swift in Sources */ = {isa = PBXBuildFile; fileRef = 16AB1C4328A5176B00D01126 /* UIViewController+Extentions.swift */; };
		16AB1C4628A51B5D00D01126 /* UIViewController+Container.swift in Sources */ = {isa = PBXBuildFile; fileRef = 16AB1C4528A51B5D00D01126 /* UIViewController+Container.swift */; };
		16AB1C4828A51B8700D01126 /* UIView+Layout.swift in Sources */ = {isa = PBXBuildFile; fileRef = 16AB1C4728A51B8700D01126 /* UIView+Layout.swift */; };
		16AB1C4A28A520E600D01126 /* SettingViewController.swift in Sources */ = {isa = PBXBuildFile; fileRef = 16AB1C4928A520E600D01126 /* SettingViewController.swift */; };
		16AB1C4C28A5212600D01126 /* SettingViewModel.swift in Sources */ = {isa = PBXBuildFile; fileRef = 16AB1C4B28A5212600D01126 /* SettingViewModel.swift */; };
		16AB1C4E28A5212F00D01126 /* SettingViewController.storyboard in Resources */ = {isa = PBXBuildFile; fileRef = 16AB1C4D28A5212F00D01126 /* SettingViewController.storyboard */; };
		16AB1C5028A5214700D01126 /* SettingRouter.swift in Sources */ = {isa = PBXBuildFile; fileRef = 16AB1C4F28A5214700D01126 /* SettingRouter.swift */; };
/* End PBXBuildFile section */

/* Begin PBXFileReference section */
		1689900E289DEE86006FC19D /* Architecture_MVVM.app */ = {isa = PBXFileReference; explicitFileType = wrapper.application; includeInIndex = 0; path = Architecture_MVVM.app; sourceTree = BUILT_PRODUCTS_DIR; };
		16899011289DEE86006FC19D /* AppDelegate.swift */ = {isa = PBXFileReference; lastKnownFileType = sourcecode.swift; path = AppDelegate.swift; sourceTree = "<group>"; };
		16899013289DEE86006FC19D /* SceneDelegate.swift */ = {isa = PBXFileReference; lastKnownFileType = sourcecode.swift; path = SceneDelegate.swift; sourceTree = "<group>"; };
		1689901A289DEE88006FC19D /* Assets.xcassets */ = {isa = PBXFileReference; lastKnownFileType = folder.assetcatalog; path = Assets.xcassets; sourceTree = "<group>"; };
		1689901D289DEE88006FC19D /* Base */ = {isa = PBXFileReference; lastKnownFileType = file.storyboard; name = Base; path = Base.lproj/LaunchScreen.storyboard; sourceTree = "<group>"; };
		1689901F289DEE88006FC19D /* Info.plist */ = {isa = PBXFileReference; lastKnownFileType = text.plist.xml; path = Info.plist; sourceTree = "<group>"; };
		16899025289DF01D006FC19D /* README.md */ = {isa = PBXFileReference; lastKnownFileType = net.daringfireball.markdown; path = README.md; sourceTree = "<group>"; };
		1689903D289DF4F0006FC19D /* SetupSwinjectStoryboard.swift */ = {isa = PBXFileReference; lastKnownFileType = sourcecode.swift; path = SetupSwinjectStoryboard.swift; sourceTree = "<group>"; };
		16899047289DF77C006FC19D /* TopViewController.swift */ = {isa = PBXFileReference; lastKnownFileType = sourcecode.swift; path = TopViewController.swift; sourceTree = "<group>"; };
		16899049289DF7AA006FC19D /* TopViewController.storyboard */ = {isa = PBXFileReference; lastKnownFileType = file.storyboard; path = TopViewController.storyboard; sourceTree = "<group>"; };
		1689904B289DF845006FC19D /* SwinjectStoryboard+Screen.swift */ = {isa = PBXFileReference; lastKnownFileType = sourcecode.swift; path = "SwinjectStoryboard+Screen.swift"; sourceTree = "<group>"; };
		1689904D289DF8EA006FC19D /* TopRouter.swift */ = {isa = PBXFileReference; lastKnownFileType = sourcecode.swift; path = TopRouter.swift; sourceTree = "<group>"; };
		1689904F289DF8F8006FC19D /* TopViewModel.swift */ = {isa = PBXFileReference; lastKnownFileType = sourcecode.swift; path = TopViewModel.swift; sourceTree = "<group>"; };
		16899051289DFBAB006FC19D /* APIService.swift */ = {isa = PBXFileReference; lastKnownFileType = sourcecode.swift; path = APIService.swift; sourceTree = "<group>"; };
		16899053289DFBC3006FC19D /* APIServiceImpl.swift */ = {isa = PBXFileReference; lastKnownFileType = sourcecode.swift; path = APIServiceImpl.swift; sourceTree = "<group>"; };
		16899055289F6E57006FC19D /* APIError.swift */ = {isa = PBXFileReference; lastKnownFileType = sourcecode.swift; path = APIError.swift; sourceTree = "<group>"; };
		16899057289F7FAA006FC19D /* SwinjectStoryboard+Data.swift */ = {isa = PBXFileReference; lastKnownFileType = sourcecode.swift; path = "SwinjectStoryboard+Data.swift"; sourceTree = "<group>"; };
		16899059289F828E006FC19D /* SearchRepository.swift */ = {isa = PBXFileReference; lastKnownFileType = sourcecode.swift; path = SearchRepository.swift; sourceTree = "<group>"; };
		1689905B289F829D006FC19D /* SearchRepositoryImpl.swift */ = {isa = PBXFileReference; lastKnownFileType = sourcecode.swift; path = SearchRepositoryImpl.swift; sourceTree = "<group>"; };
		1689905D289F8338006FC19D /* Repository.swift */ = {isa = PBXFileReference; lastKnownFileType = sourcecode.swift; path = Repository.swift; sourceTree = "<group>"; };
		1689905F289F836A006FC19D /* Owner.swift */ = {isa = PBXFileReference; lastKnownFileType = sourcecode.swift; path = Owner.swift; sourceTree = "<group>"; };
		16899063289F8645006FC19D /* GitHubSearchAPIRequest.swift */ = {isa = PBXFileReference; lastKnownFileType = sourcecode.swift; path = GitHubSearchAPIRequest.swift; sourceTree = "<group>"; };
		16899065289F865D006FC19D /* GitHubSearchAPIResponse.swift */ = {isa = PBXFileReference; lastKnownFileType = sourcecode.swift; path = GitHubSearchAPIResponse.swift; sourceTree = "<group>"; };
		16899068289FFBC3006FC19D /* Sort.swift */ = {isa = PBXFileReference; lastKnownFileType = sourcecode.swift; path = Sort.swift; sourceTree = "<group>"; };
		1689906A289FFBD0006FC19D /* Order.swift */ = {isa = PBXFileReference; lastKnownFileType = sourcecode.swift; path = Order.swift; sourceTree = "<group>"; };
		16AB1C3728A4F4C400D01126 /* SearchViewController.swift */ = {isa = PBXFileReference; lastKnownFileType = sourcecode.swift; path = SearchViewController.swift; sourceTree = "<group>"; };
		16AB1C3928A4F4DB00D01126 /* SearchViewController.storyboard */ = {isa = PBXFileReference; lastKnownFileType = file.storyboard; path = SearchViewController.storyboard; sourceTree = "<group>"; };
		16AB1C3B28A4F4E700D01126 /* SearchViewModel.swift */ = {isa = PBXFileReference; lastKnownFileType = sourcecode.swift; path = SearchViewModel.swift; sourceTree = "<group>"; };
		16AB1C3D28A4F4FE00D01126 /* SearchRouter.swift */ = {isa = PBXFileReference; lastKnownFileType = sourcecode.swift; path = SearchRouter.swift; sourceTree = "<group>"; };
		16AB1C4128A5173A00D01126 /* NSObject+Extentions.swift */ = {isa = PBXFileReference; lastKnownFileType = sourcecode.swift; path = "NSObject+Extentions.swift"; sourceTree = "<group>"; };
		16AB1C4328A5176B00D01126 /* UIViewController+Extentions.swift */ = {isa = PBXFileReference; lastKnownFileType = sourcecode.swift; path = "UIViewController+Extentions.swift"; sourceTree = "<group>"; };
		16AB1C4528A51B5D00D01126 /* UIViewController+Container.swift */ = {isa = PBXFileReference; lastKnownFileType = sourcecode.swift; path = "UIViewController+Container.swift"; sourceTree = "<group>"; };
		16AB1C4728A51B8700D01126 /* UIView+Layout.swift */ = {isa = PBXFileReference; lastKnownFileType = sourcecode.swift; path = "UIView+Layout.swift"; sourceTree = "<group>"; };
		16AB1C4928A520E600D01126 /* SettingViewController.swift */ = {isa = PBXFileReference; lastKnownFileType = sourcecode.swift; path = SettingViewController.swift; sourceTree = "<group>"; };
		16AB1C4B28A5212600D01126 /* SettingViewModel.swift */ = {isa = PBXFileReference; lastKnownFileType = sourcecode.swift; path = SettingViewModel.swift; sourceTree = "<group>"; };
		16AB1C4D28A5212F00D01126 /* SettingViewController.storyboard */ = {isa = PBXFileReference; lastKnownFileType = file.storyboard; path = SettingViewController.storyboard; sourceTree = "<group>"; };
		16AB1C4F28A5214700D01126 /* SettingRouter.swift */ = {isa = PBXFileReference; lastKnownFileType = sourcecode.swift; path = SettingRouter.swift; sourceTree = "<group>"; };
/* End PBXFileReference section */

/* Begin PBXFrameworksBuildPhase section */
		1689900B289DEE86006FC19D /* Frameworks */ = {
			isa = PBXFrameworksBuildPhase;
			buildActionMask = 2147483647;
			files = (
				16899033289DF1F6006FC19D /* SwinjectStoryboard in Frameworks */,
				16899030289DF1E8006FC19D /* Swinject in Frameworks */,
			);
			runOnlyForDeploymentPostprocessing = 0;
		};
/* End PBXFrameworksBuildPhase section */

/* Begin PBXGroup section */
		16899005289DEE86006FC19D = {
			isa = PBXGroup;
			children = (
				16899025289DF01D006FC19D /* README.md */,
				16899010289DEE86006FC19D /* Architecture_MVVM */,
				1689900F289DEE86006FC19D /* Products */,
			);
			sourceTree = "<group>";
		};
		1689900F289DEE86006FC19D /* Products */ = {
			isa = PBXGroup;
			children = (
				1689900E289DEE86006FC19D /* Architecture_MVVM.app */,
			);
			name = Products;
			sourceTree = "<group>";
		};
		16899010289DEE86006FC19D /* Architecture_MVVM */ = {
			isa = PBXGroup;
			children = (
				16899035289DF264006FC19D /* Scurce */,
				16899036289DF276006FC19D /* Resource */,
			);
			path = Architecture_MVVM;
			sourceTree = "<group>";
		};
		16899034289DF259006FC19D /* DI */ = {
			isa = PBXGroup;
			children = (
				1689903D289DF4F0006FC19D /* SetupSwinjectStoryboard.swift */,
				16899057289F7FAA006FC19D /* SwinjectStoryboard+Data.swift */,
				1689904B289DF845006FC19D /* SwinjectStoryboard+Screen.swift */,
			);
			path = DI;
			sourceTree = "<group>";
		};
		16899035289DF264006FC19D /* Scurce */ = {
			isa = PBXGroup;
			children = (
				1689903A289DF3BB006FC19D /* Application */,
				1689903B289DF426006FC19D /* Domain */,
				1689903C289DF49D006FC19D /* Presentation */,
			);
			path = Scurce;
			sourceTree = "<group>";
		};
		16899036289DF276006FC19D /* Resource */ = {
			isa = PBXGroup;
			children = (
				1689901A289DEE88006FC19D /* Assets.xcassets */,
				1689901C289DEE88006FC19D /* LaunchScreen.storyboard */,
				1689901F289DEE88006FC19D /* Info.plist */,
			);
			path = Resource;
			sourceTree = "<group>";
		};
		16899037289DF301006FC19D /* Screen */ = {
			isa = PBXGroup;
			children = (
				16899046289DF766006FC19D /* TopTabBar */,
				16AB1C3F28A50C4300D01126 /* Home */,
				1689903F289DF581006FC19D /* Setting */,
			);
			path = Screen;
			sourceTree = "<group>";
		};
		16899038289DF332006FC19D /* Repository */ = {
			isa = PBXGroup;
			children = (
				16899044289DF70D006FC19D /* Search */,
				16899045289DF71C006FC19D /* Detail */,
			);
			path = Repository;
			sourceTree = "<group>";
		};
		16899039289DF357006FC19D /* Entity */ = {
			isa = PBXGroup;
			children = (
				16899067289FFBAF006FC19D /* Search */,
			);
			path = Entity;
			sourceTree = "<group>";
		};
		1689903A289DF3BB006FC19D /* Application */ = {
			isa = PBXGroup;
			children = (
				16899011289DEE86006FC19D /* AppDelegate.swift */,
				16899013289DEE86006FC19D /* SceneDelegate.swift */,
			);
			path = Application;
			sourceTree = "<group>";
		};
		1689903B289DF426006FC19D /* Domain */ = {
			isa = PBXGroup;
			children = (
				16899039289DF357006FC19D /* Entity */,
				16899038289DF332006FC19D /* Repository */,
				16899042289DF6D8006FC19D /* Service */,
			);
			path = Domain;
			sourceTree = "<group>";
		};
		1689903C289DF49D006FC19D /* Presentation */ = {
			isa = PBXGroup;
			children = (
				16899034289DF259006FC19D /* DI */,
				16899037289DF301006FC19D /* Screen */,
				16AB1C4028A5170600D01126 /* Extensions */,
			);
			path = Presentation;
			sourceTree = "<group>";
		};
		1689903F289DF581006FC19D /* Setting */ = {
			isa = PBXGroup;
			children = (
				16AB1C4928A520E600D01126 /* SettingViewController.swift */,
				16AB1C4D28A5212F00D01126 /* SettingViewController.storyboard */,
				16AB1C4F28A5214700D01126 /* SettingRouter.swift */,
				16AB1C4B28A5212600D01126 /* SettingViewModel.swift */,
			);
			path = Setting;
			sourceTree = "<group>";
		};
		16899040289DF58A006FC19D /* Detail */ = {
			isa = PBXGroup;
			children = (
			);
			path = Detail;
			sourceTree = "<group>";
		};
		16899041289DF590006FC19D /* Search */ = {
			isa = PBXGroup;
			children = (
				16AB1C3728A4F4C400D01126 /* SearchViewController.swift */,
				16AB1C3928A4F4DB00D01126 /* SearchViewController.storyboard */,
				16AB1C3D28A4F4FE00D01126 /* SearchRouter.swift */,
				16AB1C3B28A4F4E700D01126 /* SearchViewModel.swift */,
			);
			path = Search;
			sourceTree = "<group>";
		};
		16899042289DF6D8006FC19D /* Service */ = {
			isa = PBXGroup;
			children = (
				16899043289DF701006FC19D /* API */,
			);
			path = Service;
			sourceTree = "<group>";
		};
		16899043289DF701006FC19D /* API */ = {
			isa = PBXGroup;
			children = (
				16899051289DFBAB006FC19D /* APIService.swift */,
				16899053289DFBC3006FC19D /* APIServiceImpl.swift */,
				16899055289F6E57006FC19D /* APIError.swift */,
				16899061289F85E4006FC19D /* Search */,
			);
			path = API;
			sourceTree = "<group>";
		};
		16899044289DF70D006FC19D /* Search */ = {
			isa = PBXGroup;
			children = (
				16899059289F828E006FC19D /* SearchRepository.swift */,
				1689905B289F829D006FC19D /* SearchRepositoryImpl.swift */,
			);
			path = Search;
			sourceTree = "<group>";
		};
		16899045289DF71C006FC19D /* Detail */ = {
			isa = PBXGroup;
			children = (
			);
			path = Detail;
			sourceTree = "<group>";
		};
		16899046289DF766006FC19D /* TopTabBar */ = {
			isa = PBXGroup;
			children = (
				16899047289DF77C006FC19D /* TopViewController.swift */,
				16899049289DF7AA006FC19D /* TopViewController.storyboard */,
				1689904D289DF8EA006FC19D /* TopRouter.swift */,
				1689904F289DF8F8006FC19D /* TopViewModel.swift */,
			);
			path = TopTabBar;
			sourceTree = "<group>";
		};
		16899061289F85E4006FC19D /* Search */ = {
			isa = PBXGroup;
			children = (
				16899063289F8645006FC19D /* GitHubSearchAPIRequest.swift */,
				16899065289F865D006FC19D /* GitHubSearchAPIResponse.swift */,
			);
			path = Search;
			sourceTree = "<group>";
		};
		16899067289FFBAF006FC19D /* Search */ = {
			isa = PBXGroup;
			children = (
				1689905D289F8338006FC19D /* Repository.swift */,
				1689905F289F836A006FC19D /* Owner.swift */,
				16899068289FFBC3006FC19D /* Sort.swift */,
				1689906A289FFBD0006FC19D /* Order.swift */,
			);
			path = Search;
			sourceTree = "<group>";
		};
		16AB1C3F28A50C4300D01126 /* Home */ = {
			isa = PBXGroup;
			children = (
				16899041289DF590006FC19D /* Search */,
				16899040289DF58A006FC19D /* Detail */,
			);
			path = Home;
			sourceTree = "<group>";
		};
		16AB1C4028A5170600D01126 /* Extensions */ = {
			isa = PBXGroup;
			children = (
				16AB1C4128A5173A00D01126 /* NSObject+Extentions.swift */,
				16AB1C4328A5176B00D01126 /* UIViewController+Extentions.swift */,
				16AB1C4528A51B5D00D01126 /* UIViewController+Container.swift */,
				16AB1C4728A51B8700D01126 /* UIView+Layout.swift */,
			);
			path = Extensions;
			sourceTree = "<group>";
		};
/* End PBXGroup section */

/* Begin PBXNativeTarget section */
		1689900D289DEE86006FC19D /* Architecture_MVVM */ = {
			isa = PBXNativeTarget;
			buildConfigurationList = 16899022289DEE88006FC19D /* Build configuration list for PBXNativeTarget "Architecture_MVVM" */;
			buildPhases = (
				1689900A289DEE86006FC19D /* Sources */,
				1689900B289DEE86006FC19D /* Frameworks */,
				1689900C289DEE86006FC19D /* Resources */,
			);
			buildRules = (
			);
			dependencies = (
			);
			name = Architecture_MVVM;
			packageProductDependencies = (
				1689902F289DF1E8006FC19D /* Swinject */,
				16899032289DF1F6006FC19D /* SwinjectStoryboard */,
			);
			productName = Architecture_MVVM;
			productReference = 1689900E289DEE86006FC19D /* Architecture_MVVM.app */;
			productType = "com.apple.product-type.application";
		};
/* End PBXNativeTarget section */

/* Begin PBXProject section */
		16899006289DEE86006FC19D /* Project object */ = {
			isa = PBXProject;
			attributes = {
				BuildIndependentTargetsInParallel = 1;
				LastSwiftUpdateCheck = 1340;
				LastUpgradeCheck = 1340;
				TargetAttributes = {
					1689900D289DEE86006FC19D = {
						CreatedOnToolsVersion = 13.4.1;
					};
				};
			};
			buildConfigurationList = 16899009289DEE86006FC19D /* Build configuration list for PBXProject "Architecture_MVVM" */;
			compatibilityVersion = "Xcode 13.0";
			developmentRegion = en;
			hasScannedForEncodings = 0;
			knownRegions = (
				en,
				Base,
			);
			mainGroup = 16899005289DEE86006FC19D;
			packageReferences = (
				1689902E289DF1E8006FC19D /* XCRemoteSwiftPackageReference "Swinject" */,
				16899031289DF1F6006FC19D /* XCRemoteSwiftPackageReference "SwinjectStoryboard" */,
			);
			productRefGroup = 1689900F289DEE86006FC19D /* Products */;
			projectDirPath = "";
			projectRoot = "";
			targets = (
				1689900D289DEE86006FC19D /* Architecture_MVVM */,
			);
		};
/* End PBXProject section */

/* Begin PBXResourcesBuildPhase section */
		1689900C289DEE86006FC19D /* Resources */ = {
			isa = PBXResourcesBuildPhase;
			buildActionMask = 2147483647;
			files = (
				1689901E289DEE88006FC19D /* LaunchScreen.storyboard in Resources */,
				1689901B289DEE88006FC19D /* Assets.xcassets in Resources */,
				16AB1C4E28A5212F00D01126 /* SettingViewController.storyboard in Resources */,
				1689904A289DF7AA006FC19D /* TopViewController.storyboard in Resources */,
				16AB1C3A28A4F4DB00D01126 /* SearchViewController.storyboard in Resources */,
			);
			runOnlyForDeploymentPostprocessing = 0;
		};
/* End PBXResourcesBuildPhase section */

/* Begin PBXSourcesBuildPhase section */
		1689900A289DEE86006FC19D /* Sources */ = {
			isa = PBXSourcesBuildPhase;
			buildActionMask = 2147483647;
			files = (
				1689905C289F829D006FC19D /* SearchRepositoryImpl.swift in Sources */,
				1689904E289DF8EA006FC19D /* TopRouter.swift in Sources */,
				16AB1C3E28A4F4FE00D01126 /* SearchRouter.swift in Sources */,
				16899054289DFBC3006FC19D /* APIServiceImpl.swift in Sources */,
				1689906B289FFBD0006FC19D /* Order.swift in Sources */,
				16899048289DF77C006FC19D /* TopViewController.swift in Sources */,
				1689905A289F828E006FC19D /* SearchRepository.swift in Sources */,
				16AB1C4628A51B5D00D01126 /* UIViewController+Container.swift in Sources */,
				16899058289F7FAA006FC19D /* SwinjectStoryboard+Data.swift in Sources */,
				16899064289F8645006FC19D /* GitHubSearchAPIRequest.swift in Sources */,
				16899056289F6E57006FC19D /* APIError.swift in Sources */,
				16899012289DEE86006FC19D /* AppDelegate.swift in Sources */,
				16AB1C5028A5214700D01126 /* SettingRouter.swift in Sources */,
				16AB1C3828A4F4C400D01126 /* SearchViewController.swift in Sources */,
				1689904C289DF845006FC19D /* SwinjectStoryboard+Screen.swift in Sources */,
				16899060289F836A006FC19D /* Owner.swift in Sources */,
				16AB1C4C28A5212600D01126 /* SettingViewModel.swift in Sources */,
				16AB1C4228A5173A00D01126 /* NSObject+Extentions.swift in Sources */,
				16AB1C4428A5176B00D01126 /* UIViewController+Extentions.swift in Sources */,
				16899069289FFBC3006FC19D /* Sort.swift in Sources */,
				16899066289F865D006FC19D /* GitHubSearchAPIResponse.swift in Sources */,
				16AB1C3C28A4F4E700D01126 /* SearchViewModel.swift in Sources */,
				16AB1C4828A51B8700D01126 /* UIView+Layout.swift in Sources */,
				16899050289DF8F8006FC19D /* TopViewModel.swift in Sources */,
				16899014289DEE86006FC19D /* SceneDelegate.swift in Sources */,
				16AB1C4A28A520E600D01126 /* SettingViewController.swift in Sources */,
				16899052289DFBAB006FC19D /* APIService.swift in Sources */,
				1689905E289F8338006FC19D /* Repository.swift in Sources */,
				1689903E289DF4F0006FC19D /* SetupSwinjectStoryboard.swift in Sources */,
			);
			runOnlyForDeploymentPostprocessing = 0;
		};
/* End PBXSourcesBuildPhase section */

/* Begin PBXVariantGroup section */
		1689901C289DEE88006FC19D /* LaunchScreen.storyboard */ = {
			isa = PBXVariantGroup;
			children = (
				1689901D289DEE88006FC19D /* Base */,
			);
			name = LaunchScreen.storyboard;
			sourceTree = "<group>";
		};
/* End PBXVariantGroup section */

/* Begin XCBuildConfiguration section */
		16899020289DEE88006FC19D /* Debug */ = {
			isa = XCBuildConfiguration;
			buildSettings = {
				ALWAYS_SEARCH_USER_PATHS = NO;
				CLANG_ANALYZER_NONNULL = YES;
				CLANG_ANALYZER_NUMBER_OBJECT_CONVERSION = YES_AGGRESSIVE;
				CLANG_CXX_LANGUAGE_STANDARD = "gnu++17";
				CLANG_ENABLE_MODULES = YES;
				CLANG_ENABLE_OBJC_ARC = YES;
				CLANG_ENABLE_OBJC_WEAK = YES;
				CLANG_WARN_BLOCK_CAPTURE_AUTORELEASING = YES;
				CLANG_WARN_BOOL_CONVERSION = YES;
				CLANG_WARN_COMMA = YES;
				CLANG_WARN_CONSTANT_CONVERSION = YES;
				CLANG_WARN_DEPRECATED_OBJC_IMPLEMENTATIONS = YES;
				CLANG_WARN_DIRECT_OBJC_ISA_USAGE = YES_ERROR;
				CLANG_WARN_DOCUMENTATION_COMMENTS = YES;
				CLANG_WARN_EMPTY_BODY = YES;
				CLANG_WARN_ENUM_CONVERSION = YES;
				CLANG_WARN_INFINITE_RECURSION = YES;
				CLANG_WARN_INT_CONVERSION = YES;
				CLANG_WARN_NON_LITERAL_NULL_CONVERSION = YES;
				CLANG_WARN_OBJC_IMPLICIT_RETAIN_SELF = YES;
				CLANG_WARN_OBJC_LITERAL_CONVERSION = YES;
				CLANG_WARN_OBJC_ROOT_CLASS = YES_ERROR;
				CLANG_WARN_QUOTED_INCLUDE_IN_FRAMEWORK_HEADER = YES;
				CLANG_WARN_RANGE_LOOP_ANALYSIS = YES;
				CLANG_WARN_STRICT_PROTOTYPES = YES;
				CLANG_WARN_SUSPICIOUS_MOVE = YES;
				CLANG_WARN_UNGUARDED_AVAILABILITY = YES_AGGRESSIVE;
				CLANG_WARN_UNREACHABLE_CODE = YES;
				CLANG_WARN__DUPLICATE_METHOD_MATCH = YES;
				COPY_PHASE_STRIP = NO;
				DEBUG_INFORMATION_FORMAT = dwarf;
				ENABLE_STRICT_OBJC_MSGSEND = YES;
				ENABLE_TESTABILITY = YES;
				GCC_C_LANGUAGE_STANDARD = gnu11;
				GCC_DYNAMIC_NO_PIC = NO;
				GCC_NO_COMMON_BLOCKS = YES;
				GCC_OPTIMIZATION_LEVEL = 0;
				GCC_PREPROCESSOR_DEFINITIONS = (
					"DEBUG=1",
					"$(inherited)",
				);
				GCC_WARN_64_TO_32_BIT_CONVERSION = YES;
				GCC_WARN_ABOUT_RETURN_TYPE = YES_ERROR;
				GCC_WARN_UNDECLARED_SELECTOR = YES;
				GCC_WARN_UNINITIALIZED_AUTOS = YES_AGGRESSIVE;
				GCC_WARN_UNUSED_FUNCTION = YES;
				GCC_WARN_UNUSED_VARIABLE = YES;
				IPHONEOS_DEPLOYMENT_TARGET = 15.5;
				MTL_ENABLE_DEBUG_INFO = INCLUDE_SOURCE;
				MTL_FAST_MATH = YES;
				ONLY_ACTIVE_ARCH = YES;
				SDKROOT = iphoneos;
				SWIFT_ACTIVE_COMPILATION_CONDITIONS = DEBUG;
				SWIFT_OPTIMIZATION_LEVEL = "-Onone";
			};
			name = Debug;
		};
		16899021289DEE88006FC19D /* Release */ = {
			isa = XCBuildConfiguration;
			buildSettings = {
				ALWAYS_SEARCH_USER_PATHS = NO;
				CLANG_ANALYZER_NONNULL = YES;
				CLANG_ANALYZER_NUMBER_OBJECT_CONVERSION = YES_AGGRESSIVE;
				CLANG_CXX_LANGUAGE_STANDARD = "gnu++17";
				CLANG_ENABLE_MODULES = YES;
				CLANG_ENABLE_OBJC_ARC = YES;
				CLANG_ENABLE_OBJC_WEAK = YES;
				CLANG_WARN_BLOCK_CAPTURE_AUTORELEASING = YES;
				CLANG_WARN_BOOL_CONVERSION = YES;
				CLANG_WARN_COMMA = YES;
				CLANG_WARN_CONSTANT_CONVERSION = YES;
				CLANG_WARN_DEPRECATED_OBJC_IMPLEMENTATIONS = YES;
				CLANG_WARN_DIRECT_OBJC_ISA_USAGE = YES_ERROR;
				CLANG_WARN_DOCUMENTATION_COMMENTS = YES;
				CLANG_WARN_EMPTY_BODY = YES;
				CLANG_WARN_ENUM_CONVERSION = YES;
				CLANG_WARN_INFINITE_RECURSION = YES;
				CLANG_WARN_INT_CONVERSION = YES;
				CLANG_WARN_NON_LITERAL_NULL_CONVERSION = YES;
				CLANG_WARN_OBJC_IMPLICIT_RETAIN_SELF = YES;
				CLANG_WARN_OBJC_LITERAL_CONVERSION = YES;
				CLANG_WARN_OBJC_ROOT_CLASS = YES_ERROR;
				CLANG_WARN_QUOTED_INCLUDE_IN_FRAMEWORK_HEADER = YES;
				CLANG_WARN_RANGE_LOOP_ANALYSIS = YES;
				CLANG_WARN_STRICT_PROTOTYPES = YES;
				CLANG_WARN_SUSPICIOUS_MOVE = YES;
				CLANG_WARN_UNGUARDED_AVAILABILITY = YES_AGGRESSIVE;
				CLANG_WARN_UNREACHABLE_CODE = YES;
				CLANG_WARN__DUPLICATE_METHOD_MATCH = YES;
				COPY_PHASE_STRIP = NO;
				DEBUG_INFORMATION_FORMAT = "dwarf-with-dsym";
				ENABLE_NS_ASSERTIONS = NO;
				ENABLE_STRICT_OBJC_MSGSEND = YES;
				GCC_C_LANGUAGE_STANDARD = gnu11;
				GCC_NO_COMMON_BLOCKS = YES;
				GCC_WARN_64_TO_32_BIT_CONVERSION = YES;
				GCC_WARN_ABOUT_RETURN_TYPE = YES_ERROR;
				GCC_WARN_UNDECLARED_SELECTOR = YES;
				GCC_WARN_UNINITIALIZED_AUTOS = YES_AGGRESSIVE;
				GCC_WARN_UNUSED_FUNCTION = YES;
				GCC_WARN_UNUSED_VARIABLE = YES;
				IPHONEOS_DEPLOYMENT_TARGET = 15.5;
				MTL_ENABLE_DEBUG_INFO = NO;
				MTL_FAST_MATH = YES;
				SDKROOT = iphoneos;
				SWIFT_COMPILATION_MODE = wholemodule;
				SWIFT_OPTIMIZATION_LEVEL = "-O";
				VALIDATE_PRODUCT = YES;
			};
			name = Release;
		};
		16899023289DEE88006FC19D /* Debug */ = {
			isa = XCBuildConfiguration;
			buildSettings = {
				ASSETCATALOG_COMPILER_APPICON_NAME = AppIcon;
				ASSETCATALOG_COMPILER_GLOBAL_ACCENT_COLOR_NAME = AccentColor;
				CODE_SIGN_STYLE = Automatic;
				CURRENT_PROJECT_VERSION = 1;
				DEVELOPMENT_TEAM = NZSUHT5DUD;
				GENERATE_INFOPLIST_FILE = YES;
				INFOPLIST_FILE = Architecture_MVVM/Resource/Info.plist;
				INFOPLIST_KEY_UIApplicationSupportsIndirectInputEvents = YES;
				INFOPLIST_KEY_UILaunchStoryboardName = LaunchScreen;
				INFOPLIST_KEY_UIMainStoryboardFile = TopViewController;
				INFOPLIST_KEY_UISupportedInterfaceOrientations_iPad = "UIInterfaceOrientationPortrait UIInterfaceOrientationPortraitUpsideDown UIInterfaceOrientationLandscapeLeft UIInterfaceOrientationLandscapeRight";
				INFOPLIST_KEY_UISupportedInterfaceOrientations_iPhone = "UIInterfaceOrientationPortrait UIInterfaceOrientationLandscapeLeft UIInterfaceOrientationLandscapeRight";
				LD_RUNPATH_SEARCH_PATHS = (
					"$(inherited)",
					"@executable_path/Frameworks",
				);
				MARKETING_VERSION = 1.0;
				PRODUCT_BUNDLE_IDENTIFIER = "com.kojiTo.Architecture-MVVM";
				PRODUCT_NAME = "$(TARGET_NAME)";
				SWIFT_EMIT_LOC_STRINGS = YES;
				SWIFT_VERSION = 5.0;
				TARGETED_DEVICE_FAMILY = "1,2";
			};
			name = Debug;
		};
		16899024289DEE88006FC19D /* Release */ = {
			isa = XCBuildConfiguration;
			buildSettings = {
				ASSETCATALOG_COMPILER_APPICON_NAME = AppIcon;
				ASSETCATALOG_COMPILER_GLOBAL_ACCENT_COLOR_NAME = AccentColor;
				CODE_SIGN_STYLE = Automatic;
				CURRENT_PROJECT_VERSION = 1;
				DEVELOPMENT_TEAM = NZSUHT5DUD;
				GENERATE_INFOPLIST_FILE = YES;
				INFOPLIST_FILE = Architecture_MVVM/Resource/Info.plist;
				INFOPLIST_KEY_UIApplicationSupportsIndirectInputEvents = YES;
				INFOPLIST_KEY_UILaunchStoryboardName = LaunchScreen;
				INFOPLIST_KEY_UIMainStoryboardFile = TopViewController;
				INFOPLIST_KEY_UISupportedInterfaceOrientations_iPad = "UIInterfaceOrientationPortrait UIInterfaceOrientationPortraitUpsideDown UIInterfaceOrientationLandscapeLeft UIInterfaceOrientationLandscapeRight";
				INFOPLIST_KEY_UISupportedInterfaceOrientations_iPhone = "UIInterfaceOrientationPortrait UIInterfaceOrientationLandscapeLeft UIInterfaceOrientationLandscapeRight";
				LD_RUNPATH_SEARCH_PATHS = (
					"$(inherited)",
					"@executable_path/Frameworks",
				);
				MARKETING_VERSION = 1.0;
				PRODUCT_BUNDLE_IDENTIFIER = "com.kojiTo.Architecture-MVVM";
				PRODUCT_NAME = "$(TARGET_NAME)";
				SWIFT_EMIT_LOC_STRINGS = YES;
				SWIFT_VERSION = 5.0;
				TARGETED_DEVICE_FAMILY = "1,2";
			};
			name = Release;
		};
/* End XCBuildConfiguration section */

/* Begin XCConfigurationList section */
		16899009289DEE86006FC19D /* Build configuration list for PBXProject "Architecture_MVVM" */ = {
			isa = XCConfigurationList;
			buildConfigurations = (
				16899020289DEE88006FC19D /* Debug */,
				16899021289DEE88006FC19D /* Release */,
			);
			defaultConfigurationIsVisible = 0;
			defaultConfigurationName = Release;
		};
		16899022289DEE88006FC19D /* Build configuration list for PBXNativeTarget "Architecture_MVVM" */ = {
			isa = XCConfigurationList;
			buildConfigurations = (
				16899023289DEE88006FC19D /* Debug */,
				16899024289DEE88006FC19D /* Release */,
			);
			defaultConfigurationIsVisible = 0;
			defaultConfigurationName = Release;
		};
/* End XCConfigurationList section */

/* Begin XCRemoteSwiftPackageReference section */
		1689902E289DF1E8006FC19D /* XCRemoteSwiftPackageReference "Swinject" */ = {
			isa = XCRemoteSwiftPackageReference;
			repositoryURL = "https://github.com/Swinject/Swinject.git";
			requirement = {
				kind = exactVersion;
				version = 2.8.2;
			};
		};
		16899031289DF1F6006FC19D /* XCRemoteSwiftPackageReference "SwinjectStoryboard" */ = {
			isa = XCRemoteSwiftPackageReference;
			repositoryURL = "https://github.com/Swinject/SwinjectStoryboard.git";
			requirement = {
				kind = exactVersion;
				version = 2.2.2;
			};
		};
/* End XCRemoteSwiftPackageReference section */

/* Begin XCSwiftPackageProductDependency section */
		1689902F289DF1E8006FC19D /* Swinject */ = {
			isa = XCSwiftPackageProductDependency;
			package = 1689902E289DF1E8006FC19D /* XCRemoteSwiftPackageReference "Swinject" */;
			productName = Swinject;
		};
		16899032289DF1F6006FC19D /* SwinjectStoryboard */ = {
			isa = XCSwiftPackageProductDependency;
			package = 16899031289DF1F6006FC19D /* XCRemoteSwiftPackageReference "SwinjectStoryboard" */;
			productName = SwinjectStoryboard;
		};
/* End XCSwiftPackageProductDependency section */
	};
	rootObject = 16899006289DEE86006FC19D /* Project object */;
}
